
Microsoft Visual Studio Solution File, Format Version 12.00
# Visual Studio 14
VisualStudioVersion = 14.0.25420.1
MinimumVisualStudioVersion = 10.0.40219.1
Project("{FAE04EC0-301F-11D3-BF4B-00C04F79EFBC}") = "VendingMachine", "VendingMachine\VendingMachine.csproj", "{18FDA2E7-205C-49EE-807B-7E3B1A59C51C}"
EndProject
Project("{FAE04EC0-301F-11D3-BF4B-00C04F79EFBC}") = "VendingMachine.Tests", "VendingMachine.Tests\VendingMachine.Tests.csproj", "{5740E685-E213-432F-B222-2B119FBD3390}"
EndProject
Global
	GlobalSection(SolutionConfigurationPlatforms) = preSolution
		Debug|Any CPU = Debug|Any CPU
		Release|Any CPU = Release|Any CPU
	EndGlobalSection
	GlobalSection(ProjectConfigurationPlatforms) = postSolution
		{18FDA2E7-205C-49EE-807B-7E3B1A59C51C}.Debug|Any CPU.ActiveCfg = Debug|Any CPU
		{18FDA2E7-205C-49EE-807B-7E3B1A59C51C}.Debug|Any CPU.Build.0 = Debug|Any CPU
		{18FDA2E7-205C-49EE-807B-7E3B1A59C51C}.Release|Any CPU.ActiveCfg = Release|Any CPU
		{18FDA2E7-205C-49EE-807B-7E3B1A59C51C}.Release|Any CPU.Build.0 = Release|Any CPU
		{5740E685-E213-432F-B222-2B119FBD3390}.Debug|Any CPU.ActiveCfg = Debug|Any CPU
		{5740E685-E213-432F-B222-2B119FBD3390}.Debug|Any CPU.Build.0 = Debug|Any CPU
		{5740E685-E213-432F-B222-2B119FBD3390}.Release|Any CPU.ActiveCfg = Release|Any CPU
		{5740E685-E213-432F-B222-2B119FBD3390}.Release|Any CPU.Build.0 = Release|Any CPU
	EndGlobalSection
	GlobalSection(SolutionProperties) = preSolution
		HideSolutionNode = FALSE
	EndGlobalSection
EndGlobal
